// !$*UTF8*$!
{
	archiveVersion = 1;
	classes = {
	};
	objectVersion = 46;
	objects = {

/* Begin PBXBuildFile section */
		C305037A17838A240071EA81 /* obj_io.cpp in Sources */ = {isa = PBXBuildFile; fileRef = C305037817838A240071EA81 /* obj_io.cpp */; };
		C305037B17838A240071EA81 /* obj_io.cpp in Sources */ = {isa = PBXBuildFile; fileRef = C305037817838A240071EA81 /* obj_io.cpp */; };
		C330402A1767800A0055DBA8 /* main.cpp in Sources */ = {isa = PBXBuildFile; fileRef = C33040251767800A0055DBA8 /* main.cpp */; };
		C330402D1767800A0055DBA8 /* test_all.cpp in Sources */ = {isa = PBXBuildFile; fileRef = C33040291767800A0055DBA8 /* test_all.cpp */; };
		C330402F176780CD0055DBA8 /* primitive_test.cpp in Sources */ = {isa = PBXBuildFile; fileRef = C330402E176780CD0055DBA8 /* primitive_test.cpp */; };
		C3304039176798980055DBA8 /* libgtest_main.a in Frameworks */ = {isa = PBXBuildFile; fileRef = C3304037176798980055DBA8 /* libgtest_main.a */; };
		C330403A176798980055DBA8 /* libgtest.a in Frameworks */ = {isa = PBXBuildFile; fileRef = C3304038176798980055DBA8 /* libgtest.a */; };
		C330403D1767FFD00055DBA8 /* kdtree.cpp in Sources */ = {isa = PBXBuildFile; fileRef = C330403B1767FFCF0055DBA8 /* kdtree.cpp */; };
		C330403E1767FFD00055DBA8 /* kdtree.cpp in Sources */ = {isa = PBXBuildFile; fileRef = C330403B1767FFCF0055DBA8 /* kdtree.cpp */; };
		C3304041176801A30055DBA8 /* scene.cpp in Sources */ = {isa = PBXBuildFile; fileRef = C330403F176801A30055DBA8 /* scene.cpp */; };
		C3304042176801A30055DBA8 /* scene.cpp in Sources */ = {isa = PBXBuildFile; fileRef = C330403F176801A30055DBA8 /* scene.cpp */; };
		C3304044176808C70055DBA8 /* kdtree_test.cpp in Sources */ = {isa = PBXBuildFile; fileRef = C3304043176808C70055DBA8 /* kdtree_test.cpp */; };
		C3304047176C674D0055DBA8 /* geom_test.cpp in Sources */ = {isa = PBXBuildFile; fileRef = C3304046176C674D0055DBA8 /* geom_test.cpp */; };
		C330404A176C6C4A0055DBA8 /* intersection.cpp in Sources */ = {isa = PBXBuildFile; fileRef = C3304049176C6C4A0055DBA8 /* intersection.cpp */; };
		C330404B176C6C4A0055DBA8 /* intersection.cpp in Sources */ = {isa = PBXBuildFile; fileRef = C3304049176C6C4A0055DBA8 /* intersection.cpp */; };
		C330404D176C6C8F0055DBA8 /* intersection_test.cpp in Sources */ = {isa = PBXBuildFile; fileRef = C330404C176C6C8E0055DBA8 /* intersection_test.cpp */; };
		C3304050176C75B40055DBA8 /* geom_util.cpp in Sources */ = {isa = PBXBuildFile; fileRef = C330404E176C75B40055DBA8 /* geom_util.cpp */; };
		C3304051176C75B40055DBA8 /* geom_util.cpp in Sources */ = {isa = PBXBuildFile; fileRef = C330404E176C75B40055DBA8 /* geom_util.cpp */; };
		C33053DF17C7F53D00882A83 /* cbox.cpp in Sources */ = {isa = PBXBuildFile; fileRef = C33053DD17C7F53D00882A83 /* cbox.cpp */; };
		C33053E217C7F5DF00882A83 /* screen_buffer.cpp in Sources */ = {isa = PBXBuildFile; fileRef = C33053E017C7F5DF00882A83 /* screen_buffer.cpp */; };
		C33053E517C7F63800882A83 /* camera.cpp in Sources */ = {isa = PBXBuildFile; fileRef = C33053E317C7F63800882A83 /* camera.cpp */; };
		C3A8FF9417C5631A00416EA4 /* kdtree.cpp in Sources */ = {isa = PBXBuildFile; fileRef = C330403B1767FFCF0055DBA8 /* kdtree.cpp */; };
		C3A8FF9517C5631A00416EA4 /* scene.cpp in Sources */ = {isa = PBXBuildFile; fileRef = C330403F176801A30055DBA8 /* scene.cpp */; };
		C3A8FF9617C5631A00416EA4 /* intersection.cpp in Sources */ = {isa = PBXBuildFile; fileRef = C3304049176C6C4A0055DBA8 /* intersection.cpp */; };
		C3A8FF9717C5631A00416EA4 /* geom_util.cpp in Sources */ = {isa = PBXBuildFile; fileRef = C330404E176C75B40055DBA8 /* geom_util.cpp */; };
		C3A8FF9817C5631A00416EA4 /* obj_io.cpp in Sources */ = {isa = PBXBuildFile; fileRef = C305037817838A240071EA81 /* obj_io.cpp */; };
		C3A8FFA217C57E5000416EA4 /* radiance.cpp in Sources */ = {isa = PBXBuildFile; fileRef = C3A8FFA017C57E4F00416EA4 /* radiance.cpp */; };
		C3A8FFA517C60C8700416EA4 /* mat_diffuse.cpp in Sources */ = {isa = PBXBuildFile; fileRef = C3A8FFA317C60C8600416EA4 /* mat_diffuse.cpp */; };
		C3A8FFA817C60E4400416EA4 /* mat_reflection.cpp in Sources */ = {isa = PBXBuildFile; fileRef = C3A8FFA617C60E4200416EA4 /* mat_reflection.cpp */; };
		C3A8FFAB17C60F7200416EA4 /* mat_transparent.cpp in Sources */ = {isa = PBXBuildFile; fileRef = C3A8FFA917C60F7000416EA4 /* mat_transparent.cpp */; };
/* End PBXBuildFile section */

/* Begin PBXCopyFilesBuildPhase section */
		C3303FFB176777930055DBA8 /* CopyFiles */ = {
			isa = PBXCopyFilesBuildPhase;
			buildActionMask = 2147483647;
			dstPath = /usr/share/man/man1/;
			dstSubfolderSpec = 0;
			files = (
			);
			runOnlyForDeploymentPostprocessing = 1;
		};
		C330401717677C440055DBA8 /* CopyFiles */ = {
			isa = PBXCopyFilesBuildPhase;
			buildActionMask = 2147483647;
			dstPath = /usr/share/man/man1/;
			dstSubfolderSpec = 0;
			files = (
			);
			runOnlyForDeploymentPostprocessing = 1;
		};
		C3A8FF9A17C5631A00416EA4 /* CopyFiles */ = {
			isa = PBXCopyFilesBuildPhase;
			buildActionMask = 2147483647;
			dstPath = /usr/share/man/man1/;
			dstSubfolderSpec = 0;
			files = (
			);
			runOnlyForDeploymentPostprocessing = 1;
		};
/* End PBXCopyFilesBuildPhase section */

/* Begin PBXFileReference section */
		C305037817838A240071EA81 /* obj_io.cpp */ = {isa = PBXFileReference; fileEncoding = 4; lastKnownFileType = sourcecode.cpp.cpp; path = obj_io.cpp; sourceTree = "<group>"; };
		C305037917838A240071EA81 /* obj_io.h */ = {isa = PBXFileReference; fileEncoding = 4; lastKnownFileType = sourcecode.c.h; path = obj_io.h; sourceTree = "<group>"; };
		C3303FFD176777930055DBA8 /* RT2013 */ = {isa = PBXFileReference; explicitFileType = "compiled.mach-o.executable"; includeInIndex = 0; path = RT2013; sourceTree = BUILT_PRODUCTS_DIR; };
		C330401917677C440055DBA8 /* test_all */ = {isa = PBXFileReference; explicitFileType = "compiled.mach-o.executable"; includeInIndex = 0; path = test_all; sourceTree = BUILT_PRODUCTS_DIR; };
		C33040251767800A0055DBA8 /* main.cpp */ = {isa = PBXFileReference; fileEncoding = 4; lastKnownFileType = sourcecode.cpp.cpp; path = main.cpp; sourceTree = "<group>"; };
		C33040271767800A0055DBA8 /* primitive.hpp */ = {isa = PBXFileReference; fileEncoding = 4; lastKnownFileType = sourcecode.cpp.h; path = primitive.hpp; sourceTree = "<group>"; };
		C33040291767800A0055DBA8 /* test_all.cpp */ = {isa = PBXFileReference; fileEncoding = 4; lastKnownFileType = sourcecode.cpp.cpp; path = test_all.cpp; sourceTree = "<group>"; };
		C330402E176780CD0055DBA8 /* primitive_test.cpp */ = {isa = PBXFileReference; fileEncoding = 4; lastKnownFileType = sourcecode.cpp.cpp; path = primitive_test.cpp; sourceTree = "<group>"; };
		C3304037176798980055DBA8 /* libgtest_main.a */ = {isa = PBXFileReference; lastKnownFileType = archive.ar; name = libgtest_main.a; path = test_all/lib/Debug/libgtest_main.a; sourceTree = "<group>"; };
		C3304038176798980055DBA8 /* libgtest.a */ = {isa = PBXFileReference; lastKnownFileType = archive.ar; name = libgtest.a; path = test_all/lib/Debug/libgtest.a; sourceTree = "<group>"; };
		C330403B1767FFCF0055DBA8 /* kdtree.cpp */ = {isa = PBXFileReference; fileEncoding = 4; lastKnownFileType = sourcecode.cpp.cpp; path = kdtree.cpp; sourceTree = "<group>"; };
		C330403C1767FFCF0055DBA8 /* kdtree.h */ = {isa = PBXFileReference; fileEncoding = 4; lastKnownFileType = sourcecode.c.h; path = kdtree.h; sourceTree = "<group>"; };
		C330403F176801A30055DBA8 /* scene.cpp */ = {isa = PBXFileReference; fileEncoding = 4; lastKnownFileType = sourcecode.cpp.cpp; path = scene.cpp; sourceTree = "<group>"; };
		C3304040176801A30055DBA8 /* scene.h */ = {isa = PBXFileReference; fileEncoding = 4; lastKnownFileType = sourcecode.c.h; path = scene.h; sourceTree = "<group>"; };
		C3304043176808C70055DBA8 /* kdtree_test.cpp */ = {isa = PBXFileReference; fileEncoding = 4; lastKnownFileType = sourcecode.cpp.cpp; path = kdtree_test.cpp; sourceTree = "<group>"; };
		C3304045176C67150055DBA8 /* geom.hpp */ = {isa = PBXFileReference; fileEncoding = 4; lastKnownFileType = sourcecode.cpp.h; path = geom.hpp; sourceTree = "<group>"; };
		C3304046176C674D0055DBA8 /* geom_test.cpp */ = {isa = PBXFileReference; fileEncoding = 4; lastKnownFileType = sourcecode.cpp.cpp; path = geom_test.cpp; sourceTree = "<group>"; };
		C3304048176C6C340055DBA8 /* intersection.h */ = {isa = PBXFileReference; fileEncoding = 4; lastKnownFileType = sourcecode.c.h; path = intersection.h; sourceTree = "<group>"; };
		C3304049176C6C4A0055DBA8 /* intersection.cpp */ = {isa = PBXFileReference; fileEncoding = 4; lastKnownFileType = sourcecode.cpp.cpp; path = intersection.cpp; sourceTree = "<group>"; };
		C330404C176C6C8E0055DBA8 /* intersection_test.cpp */ = {isa = PBXFileReference; fileEncoding = 4; lastKnownFileType = sourcecode.cpp.cpp; path = intersection_test.cpp; sourceTree = "<group>"; };
		C330404E176C75B40055DBA8 /* geom_util.cpp */ = {isa = PBXFileReference; fileEncoding = 4; lastKnownFileType = sourcecode.cpp.cpp; path = geom_util.cpp; sourceTree = "<group>"; };
		C330404F176C75B40055DBA8 /* geom_util.h */ = {isa = PBXFileReference; fileEncoding = 4; lastKnownFileType = sourcecode.c.h; path = geom_util.h; sourceTree = "<group>"; };
		C3304052176CD6DA0055DBA8 /* pair_util.hpp */ = {isa = PBXFileReference; fileEncoding = 4; lastKnownFileType = sourcecode.cpp.h; path = pair_util.hpp; sourceTree = "<group>"; };
		C33053DD17C7F53D00882A83 /* cbox.cpp */ = {isa = PBXFileReference; fileEncoding = 4; lastKnownFileType = sourcecode.cpp.cpp; path = cbox.cpp; sourceTree = "<group>"; };
		C33053DE17C7F53D00882A83 /* cbox.h */ = {isa = PBXFileReference; fileEncoding = 4; lastKnownFileType = sourcecode.c.h; path = cbox.h; sourceTree = "<group>"; };
		C33053E017C7F5DF00882A83 /* screen_buffer.cpp */ = {isa = PBXFileReference; fileEncoding = 4; lastKnownFileType = sourcecode.cpp.cpp; path = screen_buffer.cpp; sourceTree = "<group>"; };
		C33053E117C7F5DF00882A83 /* screen_buffer.h */ = {isa = PBXFileReference; fileEncoding = 4; lastKnownFileType = sourcecode.c.h; path = screen_buffer.h; sourceTree = "<group>"; };
		C33053E317C7F63800882A83 /* camera.cpp */ = {isa = PBXFileReference; fileEncoding = 4; lastKnownFileType = sourcecode.cpp.cpp; path = camera.cpp; sourceTree = "<group>"; };
		C33053E417C7F63800882A83 /* camera.h */ = {isa = PBXFileReference; fileEncoding = 4; lastKnownFileType = sourcecode.c.h; path = camera.h; sourceTree = "<group>"; };
		C3A8FF9017C541E900416EA4 /* material.h */ = {isa = PBXFileReference; fileEncoding = 4; lastKnownFileType = sourcecode.c.h; path = material.h; sourceTree = "<group>"; };
		C3A8FF9E17C5631A00416EA4 /* RT2013 copy */ = {isa = PBXFileReference; explicitFileType = "compiled.mach-o.executable"; includeInIndex = 0; path = "RT2013 copy"; sourceTree = BUILT_PRODUCTS_DIR; };
		C3A8FFA017C57E4F00416EA4 /* radiance.cpp */ = {isa = PBXFileReference; fileEncoding = 4; lastKnownFileType = sourcecode.cpp.cpp; path = radiance.cpp; sourceTree = "<group>"; };
		C3A8FFA117C57E5000416EA4 /* radiance.h */ = {isa = PBXFileReference; fileEncoding = 4; lastKnownFileType = sourcecode.c.h; path = radiance.h; sourceTree = "<group>"; };
		C3A8FFA317C60C8600416EA4 /* mat_diffuse.cpp */ = {isa = PBXFileReference; fileEncoding = 4; lastKnownFileType = sourcecode.cpp.cpp; path = mat_diffuse.cpp; sourceTree = "<group>"; };
		C3A8FFA417C60C8700416EA4 /* mat_diffuse.h */ = {isa = PBXFileReference; fileEncoding = 4; lastKnownFileType = sourcecode.c.h; path = mat_diffuse.h; sourceTree = "<group>"; };
		C3A8FFA617C60E4200416EA4 /* mat_reflection.cpp */ = {isa = PBXFileReference; fileEncoding = 4; lastKnownFileType = sourcecode.cpp.cpp; path = mat_reflection.cpp; sourceTree = "<group>"; };
		C3A8FFA717C60E4300416EA4 /* mat_reflection.h */ = {isa = PBXFileReference; fileEncoding = 4; lastKnownFileType = sourcecode.c.h; path = mat_reflection.h; sourceTree = "<group>"; };
		C3A8FFA917C60F7000416EA4 /* mat_transparent.cpp */ = {isa = PBXFileReference; fileEncoding = 4; lastKnownFileType = sourcecode.cpp.cpp; path = mat_transparent.cpp; sourceTree = "<group>"; };
		C3A8FFAA17C60F7100416EA4 /* mat_transparent.h */ = {isa = PBXFileReference; fileEncoding = 4; lastKnownFileType = sourcecode.c.h; path = mat_transparent.h; sourceTree = "<group>"; };
/* End PBXFileReference section */

/* Begin PBXFrameworksBuildPhase section */
		C3303FFA176777930055DBA8 /* Frameworks */ = {
			isa = PBXFrameworksBuildPhase;
			buildActionMask = 2147483647;
			files = (
			);
			runOnlyForDeploymentPostprocessing = 0;
		};
		C330401617677C440055DBA8 /* Frameworks */ = {
			isa = PBXFrameworksBuildPhase;
			buildActionMask = 2147483647;
			files = (
				C3304039176798980055DBA8 /* libgtest_main.a in Frameworks */,
				C330403A176798980055DBA8 /* libgtest.a in Frameworks */,
			);
			runOnlyForDeploymentPostprocessing = 0;
		};
		C3A8FF9917C5631A00416EA4 /* Frameworks */ = {
			isa = PBXFrameworksBuildPhase;
			buildActionMask = 2147483647;
			files = (
			);
			runOnlyForDeploymentPostprocessing = 0;
		};
/* End PBXFrameworksBuildPhase section */

/* Begin PBXGroup section */
		C3303FF4176777930055DBA8 = {
			isa = PBXGroup;
			children = (
				C33040241767800A0055DBA8 /* src */,
				C33040361767938B0055DBA8 /* test_libs */,
				C3303FFE176777930055DBA8 /* Products */,
			);
			sourceTree = "<group>";
		};
		C3303FFE176777930055DBA8 /* Products */ = {
			isa = PBXGroup;
			children = (
				C3303FFD176777930055DBA8 /* RT2013 */,
				C330401917677C440055DBA8 /* test_all */,
				C3A8FF9E17C5631A00416EA4 /* RT2013 copy */,
			);
			name = Products;
			sourceTree = "<group>";
		};
		C33040241767800A0055DBA8 /* src */ = {
			isa = PBXGroup;
			children = (
				C33040251767800A0055DBA8 /* main.cpp */,
				C33040261767800A0055DBA8 /* shape */,
				C33040281767800A0055DBA8 /* tests */,
				C330403C1767FFCF0055DBA8 /* kdtree.h */,
				C330403B1767FFCF0055DBA8 /* kdtree.cpp */,
				C305037917838A240071EA81 /* obj_io.h */,
				C305037817838A240071EA81 /* obj_io.cpp */,
				C3304040176801A30055DBA8 /* scene.h */,
				C330403F176801A30055DBA8 /* scene.cpp */,
				C3304052176CD6DA0055DBA8 /* pair_util.hpp */,
				C3A8FF9017C541E900416EA4 /* material.h */,
				C3A8FFA117C57E5000416EA4 /* radiance.h */,
				C3A8FFA017C57E4F00416EA4 /* radiance.cpp */,
				C3A8FFA417C60C8700416EA4 /* mat_diffuse.h */,
				C3A8FFA317C60C8600416EA4 /* mat_diffuse.cpp */,
				C3A8FFA717C60E4300416EA4 /* mat_reflection.h */,
				C3A8FFA617C60E4200416EA4 /* mat_reflection.cpp */,
				C3A8FFAA17C60F7100416EA4 /* mat_transparent.h */,
				C3A8FFA917C60F7000416EA4 /* mat_transparent.cpp */,
				C33053DE17C7F53D00882A83 /* cbox.h */,
				C33053DD17C7F53D00882A83 /* cbox.cpp */,
				C33053E117C7F5DF00882A83 /* screen_buffer.h */,
				C33053E017C7F5DF00882A83 /* screen_buffer.cpp */,
				C33053E417C7F63800882A83 /* camera.h */,
				C33053E317C7F63800882A83 /* camera.cpp */,
			);
			name = src;
			path = ../src;
			sourceTree = SOURCE_ROOT;
		};
		C33040261767800A0055DBA8 /* shape */ = {
			isa = PBXGroup;
			children = (
				C33040271767800A0055DBA8 /* primitive.hpp */,
				C3304045176C67150055DBA8 /* geom.hpp */,
				C330404F176C75B40055DBA8 /* geom_util.h */,
				C330404E176C75B40055DBA8 /* geom_util.cpp */,
				C3304048176C6C340055DBA8 /* intersection.h */,
				C3304049176C6C4A0055DBA8 /* intersection.cpp */,
			);
			name = shape;
			path = ../src/shape;
			sourceTree = SOURCE_ROOT;
		};
		C33040281767800A0055DBA8 /* tests */ = {
			isa = PBXGroup;
			children = (
				C33040291767800A0055DBA8 /* test_all.cpp */,
				C330402E176780CD0055DBA8 /* primitive_test.cpp */,
				C3304046176C674D0055DBA8 /* geom_test.cpp */,
				C330404C176C6C8E0055DBA8 /* intersection_test.cpp */,
				C3304043176808C70055DBA8 /* kdtree_test.cpp */,
			);
			name = tests;
			path = ../src/tests;
			sourceTree = SOURCE_ROOT;
		};
		C33040361767938B0055DBA8 /* test_libs */ = {
			isa = PBXGroup;
			children = (
				C3304037176798980055DBA8 /* libgtest_main.a */,
				C3304038176798980055DBA8 /* libgtest.a */,
			);
			name = test_libs;
			sourceTree = "<group>";
		};
/* End PBXGroup section */

/* Begin PBXNativeTarget section */
		C3303FFC176777930055DBA8 /* RT2013 */ = {
			isa = PBXNativeTarget;
			buildConfigurationList = C3304006176777930055DBA8 /* Build configuration list for PBXNativeTarget "RT2013" */;
			buildPhases = (
				C3303FF9176777930055DBA8 /* Sources */,
				C3303FFA176777930055DBA8 /* Frameworks */,
				C3303FFB176777930055DBA8 /* CopyFiles */,
			);
			buildRules = (
			);
			dependencies = (
			);
			name = RT2013;
			productName = RT2013;
			productReference = C3303FFD176777930055DBA8 /* RT2013 */;
			productType = "com.apple.product-type.tool";
		};
		C330401817677C440055DBA8 /* test_all */ = {
			isa = PBXNativeTarget;
			buildConfigurationList = C330401F17677C440055DBA8 /* Build configuration list for PBXNativeTarget "test_all" */;
			buildPhases = (
				C330401517677C440055DBA8 /* Sources */,
				C330401617677C440055DBA8 /* Frameworks */,
				C330401717677C440055DBA8 /* CopyFiles */,
			);
			buildRules = (
			);
			dependencies = (
			);
			name = test_all;
			productName = test_all;
			productReference = C330401917677C440055DBA8 /* test_all */;
			productType = "com.apple.product-type.tool";
		};
		C3A8FF9117C5631A00416EA4 /* RT2013_phong */ = {
			isa = PBXNativeTarget;
			buildConfigurationList = C3A8FF9B17C5631A00416EA4 /* Build configuration list for PBXNativeTarget "RT2013_phong" */;
			buildPhases = (
				C3A8FF9217C5631A00416EA4 /* Sources */,
				C3A8FF9917C5631A00416EA4 /* Frameworks */,
				C3A8FF9A17C5631A00416EA4 /* CopyFiles */,
			);
			buildRules = (
			);
			dependencies = (
			);
			name = RT2013_phong;
			productName = RT2013;
			productReference = C3A8FF9E17C5631A00416EA4 /* RT2013 copy */;
			productType = "com.apple.product-type.tool";
		};
/* End PBXNativeTarget section */

/* Begin PBXProject section */
		C3303FF5176777930055DBA8 /* Project object */ = {
			isa = PBXProject;
			attributes = {
				LastUpgradeCheck = 0460;
				ORGANIZATIONNAME = 3xv;
			};
			buildConfigurationList = C3303FF8176777930055DBA8 /* Build configuration list for PBXProject "RT2013" */;
			compatibilityVersion = "Xcode 3.2";
			developmentRegion = English;
			hasScannedForEncodings = 0;
			knownRegions = (
				en,
			);
			mainGroup = C3303FF4176777930055DBA8;
			productRefGroup = C3303FFE176777930055DBA8 /* Products */;
			projectDirPath = "";
			projectRoot = "";
			targets = (
				C3303FFC176777930055DBA8 /* RT2013 */,
				C330401817677C440055DBA8 /* test_all */,
				C3A8FF9117C5631A00416EA4 /* RT2013_phong */,
			);
		};
/* End PBXProject section */

/* Begin PBXSourcesBuildPhase section */
		C3303FF9176777930055DBA8 /* Sources */ = {
			isa = PBXSourcesBuildPhase;
			buildActionMask = 2147483647;
			files = (
				C330402A1767800A0055DBA8 /* main.cpp in Sources */,
				C330403D1767FFD00055DBA8 /* kdtree.cpp in Sources */,
				C3304041176801A30055DBA8 /* scene.cpp in Sources */,
				C330404A176C6C4A0055DBA8 /* intersection.cpp in Sources */,
				C3304050176C75B40055DBA8 /* geom_util.cpp in Sources */,
				C305037A17838A240071EA81 /* obj_io.cpp in Sources */,
				C3A8FFA217C57E5000416EA4 /* radiance.cpp in Sources */,
				C3A8FFA517C60C8700416EA4 /* mat_diffuse.cpp in Sources */,
				C3A8FFA817C60E4400416EA4 /* mat_reflection.cpp in Sources */,
				C3A8FFAB17C60F7200416EA4 /* mat_transparent.cpp in Sources */,
				C33053DF17C7F53D00882A83 /* cbox.cpp in Sources */,
				C33053E217C7F5DF00882A83 /* screen_buffer.cpp in Sources */,
				C33053E517C7F63800882A83 /* camera.cpp in Sources */,
			);
			runOnlyForDeploymentPostprocessing = 0;
		};
		C330401517677C440055DBA8 /* Sources */ = {
			isa = PBXSourcesBuildPhase;
			buildActionMask = 2147483647;
			files = (
				C330402D1767800A0055DBA8 /* test_all.cpp in Sources */,
				C330402F176780CD0055DBA8 /* primitive_test.cpp in Sources */,
				C330403E1767FFD00055DBA8 /* kdtree.cpp in Sources */,
				C3304042176801A30055DBA8 /* scene.cpp in Sources */,
				C3304044176808C70055DBA8 /* kdtree_test.cpp in Sources */,
				C3304047176C674D0055DBA8 /* geom_test.cpp in Sources */,
				C330404B176C6C4A0055DBA8 /* intersection.cpp in Sources */,
				C330404D176C6C8F0055DBA8 /* intersection_test.cpp in Sources */,
				C3304051176C75B40055DBA8 /* geom_util.cpp in Sources */,
				C305037B17838A240071EA81 /* obj_io.cpp in Sources */,
			);
			runOnlyForDeploymentPostprocessing = 0;
		};
		C3A8FF9217C5631A00416EA4 /* Sources */ = {
			isa = PBXSourcesBuildPhase;
			buildActionMask = 2147483647;
			files = (
				C3A8FF9417C5631A00416EA4 /* kdtree.cpp in Sources */,
				C3A8FF9517C5631A00416EA4 /* scene.cpp in Sources */,
				C3A8FF9617C5631A00416EA4 /* intersection.cpp in Sources */,
				C3A8FF9717C5631A00416EA4 /* geom_util.cpp in Sources */,
				C3A8FF9817C5631A00416EA4 /* obj_io.cpp in Sources */,
			);
			runOnlyForDeploymentPostprocessing = 0;
		};
/* End PBXSourcesBuildPhase section */

/* Begin XCBuildConfiguration section */
		C3304004176777930055DBA8 /* Debug */ = {
			isa = XCBuildConfiguration;
			buildSettings = {
				ALWAYS_SEARCH_USER_PATHS = NO;
				ARCHS = "$(ARCHS_STANDARD_64_BIT)";
				CLANG_CXX_LANGUAGE_STANDARD = "gnu++0x";
				CLANG_CXX_LIBRARY = "libc++";
				CLANG_WARN_CONSTANT_CONVERSION = YES;
				CLANG_WARN_EMPTY_BODY = YES;
				CLANG_WARN_ENUM_CONVERSION = YES;
				CLANG_WARN_INT_CONVERSION = YES;
				CLANG_WARN__DUPLICATE_METHOD_MATCH = YES;
				COPY_PHASE_STRIP = NO;
				GCC_C_LANGUAGE_STANDARD = gnu99;
				GCC_DYNAMIC_NO_PIC = NO;
				GCC_ENABLE_OBJC_EXCEPTIONS = YES;
				GCC_OPTIMIZATION_LEVEL = 0;
				GCC_PREPROCESSOR_DEFINITIONS = (
					"DEBUG=1",
					"$(inherited)",
				);
				GCC_SYMBOLS_PRIVATE_EXTERN = NO;
				GCC_VERSION = com.apple.compilers.llvm.clang.1_0;
				GCC_WARN_64_TO_32_BIT_CONVERSION = YES;
				GCC_WARN_ABOUT_RETURN_TYPE = YES;
				GCC_WARN_UNINITIALIZED_AUTOS = YES;
				GCC_WARN_UNUSED_VARIABLE = YES;
				MACOSX_DEPLOYMENT_TARGET = 10.8;
				ONLY_ACTIVE_ARCH = YES;
				SDKROOT = macosx;
			};
			name = Debug;
		};
		C3304005176777930055DBA8 /* Release */ = {
			isa = XCBuildConfiguration;
			buildSettings = {
				ALWAYS_SEARCH_USER_PATHS = NO;
				ARCHS = "$(ARCHS_STANDARD_64_BIT)";
				CLANG_CXX_LANGUAGE_STANDARD = "gnu++0x";
				CLANG_CXX_LIBRARY = "libc++";
				CLANG_WARN_CONSTANT_CONVERSION = YES;
				CLANG_WARN_EMPTY_BODY = YES;
				CLANG_WARN_ENUM_CONVERSION = YES;
				CLANG_WARN_INT_CONVERSION = YES;
				CLANG_WARN__DUPLICATE_METHOD_MATCH = YES;
				COPY_PHASE_STRIP = YES;
				DEBUG_INFORMATION_FORMAT = "dwarf-with-dsym";
				GCC_C_LANGUAGE_STANDARD = gnu99;
				GCC_ENABLE_OBJC_EXCEPTIONS = YES;
				GCC_VERSION = com.apple.compilers.llvm.clang.1_0;
				GCC_WARN_64_TO_32_BIT_CONVERSION = YES;
				GCC_WARN_ABOUT_RETURN_TYPE = YES;
				GCC_WARN_UNINITIALIZED_AUTOS = YES;
				GCC_WARN_UNUSED_VARIABLE = YES;
				MACOSX_DEPLOYMENT_TARGET = 10.8;
				SDKROOT = macosx;
			};
			name = Release;
		};
		C3304007176777930055DBA8 /* Debug */ = {
			isa = XCBuildConfiguration;
			buildSettings = {
				ENABLE_OPENMP_SUPPORT = YES;
				GCC_VERSION = com.apple.compilers.llvm.clang.1_0;
				PRODUCT_NAME = "$(TARGET_NAME)";
			};
			name = Debug;
		};
		C3304008176777930055DBA8 /* Release */ = {
			isa = XCBuildConfiguration;
			buildSettings = {
				ENABLE_OPENMP_SUPPORT = YES;
				GCC_VERSION = com.apple.compilers.llvm.clang.1_0;
				PRODUCT_NAME = "$(TARGET_NAME)";
			};
			name = Release;
		};
		C330402017677C440055DBA8 /* Debug */ = {
			isa = XCBuildConfiguration;
			buildSettings = {
				CLANG_CXX_LANGUAGE_STANDARD = "gnu++0x";
				CLANG_CXX_LIBRARY = "libc++";
				GCC_PREPROCESSOR_DEFINITIONS = (
					"DEBUG=1",
					"$(inherited)",
				);
				GCC_VERSION = com.apple.compilers.llvm.clang.1_0;
				HEADER_SEARCH_PATHS = "${PROJECT_DIR}/${TARGET_NAME}/include";
				LIBRARY_SEARCH_PATHS = "${PROJECT_DIR}/${TARGET_NAME}/lib/Debug";
				PRODUCT_NAME = "$(TARGET_NAME)";
			};
			name = Debug;
		};
		C330402117677C440055DBA8 /* Release */ = {
			isa = XCBuildConfiguration;
			buildSettings = {
				CLANG_CXX_LANGUAGE_STANDARD = "gnu++0x";
				CLANG_CXX_LIBRARY = "libc++";
				GCC_VERSION = com.apple.compilers.llvm.clang.1_0;
				HEADER_SEARCH_PATHS = "${PROJECT_DIR}/${TARGET_NAME}/include";
				LIBRARY_SEARCH_PATHS = "${PROJECT_DIR}/${TARGET_NAME}/lib/Debug";
				PRODUCT_NAME = "$(TARGET_NAME)";
			};
			name = Release;
		};
		C3A8FF9C17C5631A00416EA4 /* Debug */ = {
			isa = XCBuildConfiguration;
			buildSettings = {
				ENABLE_OPENMP_SUPPORT = YES;
				GCC_VERSION = com.apple.compilers.llvm.clang.1_0;
				PRODUCT_NAME = "RT2013 copy";
			};
			name = Debug;
		};
		C3A8FF9D17C5631A00416EA4 /* Release */ = {
			isa = XCBuildConfiguration;
			buildSettings = {
				ENABLE_OPENMP_SUPPORT = YES;
				GCC_VERSION = com.apple.compilers.llvm.clang.1_0;
				PRODUCT_NAME = "RT2013 copy";
			};
			name = Release;
		};
/* End XCBuildConfiguration section */

/* Begin XCConfigurationList section */
		C3303FF8176777930055DBA8 /* Build configuration list for PBXProject "RT2013" */ = {
			isa = XCConfigurationList;
			buildConfigurations = (
				C3304004176777930055DBA8 /* Debug */,
				C3304005176777930055DBA8 /* Release */,
			);
			defaultConfigurationIsVisible = 0;
			defaultConfigurationName = Release;
		};
		C3304006176777930055DBA8 /* Build configuration list for PBXNativeTarget "RT2013" */ = {
			isa = XCConfigurationList;
			buildConfigurations = (
				C3304007176777930055DBA8 /* Debug */,
				C3304008176777930055DBA8 /* Release */,
			);
			defaultConfigurationIsVisible = 0;
			defaultConfigurationName = Release;
		};
		C330401F17677C440055DBA8 /* Build configuration list for PBXNativeTarget "test_all" */ = {
			isa = XCConfigurationList;
			buildConfigurations = (
				C330402017677C440055DBA8 /* Debug */,
				C330402117677C440055DBA8 /* Release */,
			);
			defaultConfigurationIsVisible = 0;
			defaultConfigurationName = Release;
		};
		C3A8FF9B17C5631A00416EA4 /* Build configuration list for PBXNativeTarget "RT2013_phong" */ = {
			isa = XCConfigurationList;
			buildConfigurations = (
				C3A8FF9C17C5631A00416EA4 /* Debug */,
				C3A8FF9D17C5631A00416EA4 /* Release */,
			);
			defaultConfigurationIsVisible = 0;
			defaultConfigurationName = Release;
		};
/* End XCConfigurationList section */
	};
	rootObject = C3303FF5176777930055DBA8 /* Project object */;
}
